github.com/AlexEidt/Vidio v1.5.1 h1:tovwvtgQagUz1vifiL9OeWkg1fP/XUzFazFKh7tFtaE=
github.com/AlexEidt/Vidio v1.5.1/go.mod h1:djhIMnWMqPrC3X6nB6ymGX6uWWlgw+VayYGKE1bNwmI=
github.com/Neokil/go-ext v0.0.0-20240410092603-e2164daf6842 h1:rdnYXYaNPk285+VGbHlJmNPuoIYHm34UUF0/gJc2MbI=
github.com/Neokil/go-ext v0.0.0-20240410092603-e2164daf6842/go.mod h1:swTIs7BymolFT029jPUN2SQ8twas+pwRPqwpLAB4brw=
